
Microsoft Visual Studio Solution File, Format Version 12.00
# Visual Studio Version 16
VisualStudioVersion = 16.0.31205.134
MinimumVisualStudioVersion = 10.0.40219.1
Project("{FAE04EC0-301F-11D3-BF4B-00C04F79EFBC}") = "LogicTagHelpers", "LogicTagHelpers\LogicTagHelpers.csproj", "{D853F062-7102-4514-8AAD-A423A630C3E2}"
EndProject
Project("{2150E333-8FDC-42A3-9474-1A3956D46DE8}") = "Build", "Build", "{A7C8F405-9E36-4AD8-AECC-BEE7220B41B4}"
	ProjectSection(SolutionItems) = preProject
		.gitignore = .gitignore
		README.md = README.md
	EndProjectSection
EndProject
Project("{FAE04EC0-301F-11D3-BF4B-00C04F79EFBC}") = "LogicTagHelpers.Demo", "LogicTagHelpers.Demo\LogicTagHelpers.Demo.csproj", "{DE040CBB-9E3D-4D21-AD94-1C0262B5B513}"
EndProject
Project("{FAE04EC0-301F-11D3-BF4B-00C04F79EFBC}") = "LogicTagHelpers.Tests", "LogicTagHelpers.Tests\LogicTagHelpers.Tests.csproj", "{85652AC9-C0E4-4E21-87A7-BF6BE8D93E14}"
EndProject
Global
	GlobalSection(SolutionConfigurationPlatforms) = preSolution
		Debug|Any CPU = Debug|Any CPU
		Release|Any CPU = Release|Any CPU
	EndGlobalSection
	GlobalSection(ProjectConfigurationPlatforms) = postSolution
		{D853F062-7102-4514-8AAD-A423A630C3E2}.Debug|Any CPU.ActiveCfg = Debug|Any CPU
		{D853F062-7102-4514-8AAD-A423A630C3E2}.Debug|Any CPU.Build.0 = Debug|Any CPU
		{D853F062-7102-4514-8AAD-A423A630C3E2}.Release|Any CPU.ActiveCfg = Release|Any CPU
		{D853F062-7102-4514-8AAD-A423A630C3E2}.Release|Any CPU.Build.0 = Release|Any CPU
		{DE040CBB-9E3D-4D21-AD94-1C0262B5B513}.Debug|Any CPU.ActiveCfg = Debug|Any CPU
		{DE040CBB-9E3D-4D21-AD94-1C0262B5B513}.Debug|Any CPU.Build.0 = Debug|Any CPU
		{DE040CBB-9E3D-4D21-AD94-1C0262B5B513}.Release|Any CPU.ActiveCfg = Release|Any CPU
		{DE040CBB-9E3D-4D21-AD94-1C0262B5B513}.Release|Any CPU.Build.0 = Release|Any CPU
		{85652AC9-C0E4-4E21-87A7-BF6BE8D93E14}.Debug|Any CPU.ActiveCfg = Debug|Any CPU
		{85652AC9-C0E4-4E21-87A7-BF6BE8D93E14}.Debug|Any CPU.Build.0 = Debug|Any CPU
		{85652AC9-C0E4-4E21-87A7-BF6BE8D93E14}.Release|Any CPU.ActiveCfg = Release|Any CPU
		{85652AC9-C0E4-4E21-87A7-BF6BE8D93E14}.Release|Any CPU.Build.0 = Release|Any CPU
	EndGlobalSection
	GlobalSection(SolutionProperties) = preSolution
		HideSolutionNode = FALSE
	EndGlobalSection
	GlobalSection(ExtensibilityGlobals) = postSolution
		SolutionGuid = {55617C1B-055E-4F71-805C-99B5FE16348A}
	EndGlobalSection
EndGlobal
